// !$*UTF8*$!
{
	archiveVersion = 1;
	classes = {
	};
	objectVersion = 50;
	objects = {

/* Begin PBXBuildFile section */
		DF2DB8A1212DCDD30001B812 /* AppDelegate.swift in Sources */ = {isa = PBXBuildFile; fileRef = DF2DB8A0212DCDD30001B812 /* AppDelegate.swift */; };
		DF2DB8A3212DCDD30001B812 /* ViewController.swift in Sources */ = {isa = PBXBuildFile; fileRef = DF2DB8A2212DCDD30001B812 /* ViewController.swift */; };
		DF2DB8A6212DCDD30001B812 /* Main.storyboard in Resources */ = {isa = PBXBuildFile; fileRef = DF2DB8A4212DCDD30001B812 /* Main.storyboard */; };
		DF2DB8A9212DCDD30001B812 /* FlickerPhotoOrganizer.xcdatamodeld in Sources */ = {isa = PBXBuildFile; fileRef = DF2DB8A7212DCDD30001B812 /* FlickerPhotoOrganizer.xcdatamodeld */; };
		DF2DB8AB212DCDD50001B812 /* Assets.xcassets in Resources */ = {isa = PBXBuildFile; fileRef = DF2DB8AA212DCDD50001B812 /* Assets.xcassets */; };
		DF2DB8AE212DCDD50001B812 /* LaunchScreen.storyboard in Resources */ = {isa = PBXBuildFile; fileRef = DF2DB8AC212DCDD50001B812 /* LaunchScreen.storyboard */; };
		DF2DB8B9212DCDD50001B812 /* FlickerPhotoOrganizerTests.swift in Sources */ = {isa = PBXBuildFile; fileRef = DF2DB8B8212DCDD50001B812 /* FlickerPhotoOrganizerTests.swift */; };
		DF2DB8C4212DCDD50001B812 /* FlickerPhotoOrganizerUITests.swift in Sources */ = {isa = PBXBuildFile; fileRef = DF2DB8C3212DCDD50001B812 /* FlickerPhotoOrganizerUITests.swift */; };
/* End PBXBuildFile section */

/* Begin PBXContainerItemProxy section */
		DF2DB8B5212DCDD50001B812 /* PBXContainerItemProxy */ = {
			isa = PBXContainerItemProxy;
			containerPortal = DF2DB895212DCDD30001B812 /* Project object */;
			proxyType = 1;
			remoteGlobalIDString = DF2DB89C212DCDD30001B812;
			remoteInfo = FlickerPhotoOrganizer;
		};
		DF2DB8C0212DCDD50001B812 /* PBXContainerItemProxy */ = {
			isa = PBXContainerItemProxy;
			containerPortal = DF2DB895212DCDD30001B812 /* Project object */;
			proxyType = 1;
			remoteGlobalIDString = DF2DB89C212DCDD30001B812;
			remoteInfo = FlickerPhotoOrganizer;
		};
/* End PBXContainerItemProxy section */

/* Begin PBXFileReference section */
		DF2DB89D212DCDD30001B812 /* FlickerPhotoOrganizer.app */ = {isa = PBXFileReference; explicitFileType = wrapper.application; includeInIndex = 0; path = FlickerPhotoOrganizer.app; sourceTree = BUILT_PRODUCTS_DIR; };
		DF2DB8A0212DCDD30001B812 /* AppDelegate.swift */ = {isa = PBXFileReference; lastKnownFileType = sourcecode.swift; path = AppDelegate.swift; sourceTree = "<group>"; };
		DF2DB8A2212DCDD30001B812 /* ViewController.swift */ = {isa = PBXFileReference; lastKnownFileType = sourcecode.swift; path = ViewController.swift; sourceTree = "<group>"; };
		DF2DB8A5212DCDD30001B812 /* Base */ = {isa = PBXFileReference; lastKnownFileType = file.storyboard; name = Base; path = Base.lproj/Main.storyboard; sourceTree = "<group>"; };
		DF2DB8A8212DCDD30001B812 /* FlickerPhotoOrganizer.xcdatamodel */ = {isa = PBXFileReference; lastKnownFileType = wrapper.xcdatamodel; path = FlickerPhotoOrganizer.xcdatamodel; sourceTree = "<group>"; };
		DF2DB8AA212DCDD50001B812 /* Assets.xcassets */ = {isa = PBXFileReference; lastKnownFileType = folder.assetcatalog; path = Assets.xcassets; sourceTree = "<group>"; };
		DF2DB8AD212DCDD50001B812 /* Base */ = {isa = PBXFileReference; lastKnownFileType = file.storyboard; name = Base; path = Base.lproj/LaunchScreen.storyboard; sourceTree = "<group>"; };
		DF2DB8AF212DCDD50001B812 /* Info.plist */ = {isa = PBXFileReference; lastKnownFileType = text.plist.xml; path = Info.plist; sourceTree = "<group>"; };
		DF2DB8B4212DCDD50001B812 /* FlickerPhotoOrganizerTests.xctest */ = {isa = PBXFileReference; explicitFileType = wrapper.cfbundle; includeInIndex = 0; path = FlickerPhotoOrganizerTests.xctest; sourceTree = BUILT_PRODUCTS_DIR; };
		DF2DB8B8212DCDD50001B812 /* FlickerPhotoOrganizerTests.swift */ = {isa = PBXFileReference; lastKnownFileType = sourcecode.swift; path = FlickerPhotoOrganizerTests.swift; sourceTree = "<group>"; };
		DF2DB8BA212DCDD50001B812 /* Info.plist */ = {isa = PBXFileReference; lastKnownFileType = text.plist.xml; path = Info.plist; sourceTree = "<group>"; };
		DF2DB8BF212DCDD50001B812 /* FlickerPhotoOrganizerUITests.xctest */ = {isa = PBXFileReference; explicitFileType = wrapper.cfbundle; includeInIndex = 0; path = FlickerPhotoOrganizerUITests.xctest; sourceTree = BUILT_PRODUCTS_DIR; };
		DF2DB8C3212DCDD50001B812 /* FlickerPhotoOrganizerUITests.swift */ = {isa = PBXFileReference; lastKnownFileType = sourcecode.swift; path = FlickerPhotoOrganizerUITests.swift; sourceTree = "<group>"; };
		DF2DB8C5212DCDD50001B812 /* Info.plist */ = {isa = PBXFileReference; lastKnownFileType = text.plist.xml; path = Info.plist; sourceTree = "<group>"; };
/* End PBXFileReference section */

/* Begin PBXFrameworksBuildPhase section */
		DF2DB89A212DCDD30001B812 /* Frameworks */ = {
			isa = PBXFrameworksBuildPhase;
			buildActionMask = 2147483647;
			files = (
			);
			runOnlyForDeploymentPostprocessing = 0;
		};
		DF2DB8B1212DCDD50001B812 /* Frameworks */ = {
			isa = PBXFrameworksBuildPhase;
			buildActionMask = 2147483647;
			files = (
			);
			runOnlyForDeploymentPostprocessing = 0;
		};
		DF2DB8BC212DCDD50001B812 /* Frameworks */ = {
			isa = PBXFrameworksBuildPhase;
			buildActionMask = 2147483647;
			files = (
			);
			runOnlyForDeploymentPostprocessing = 0;
		};
/* End PBXFrameworksBuildPhase section */

/* Begin PBXGroup section */
		DF2DB894212DCDD30001B812 = {
			isa = PBXGroup;
			children = (
				DF2DB89F212DCDD30001B812 /* FlickerPhotoOrganizer */,
				DF2DB8B7212DCDD50001B812 /* FlickerPhotoOrganizerTests */,
				DF2DB8C2212DCDD50001B812 /* FlickerPhotoOrganizerUITests */,
				DF2DB89E212DCDD30001B812 /* Products */,
			);
			sourceTree = "<group>";
		};
		DF2DB89E212DCDD30001B812 /* Products */ = {
			isa = PBXGroup;
			children = (
				DF2DB89D212DCDD30001B812 /* FlickerPhotoOrganizer.app */,
				DF2DB8B4212DCDD50001B812 /* FlickerPhotoOrganizerTests.xctest */,
				DF2DB8BF212DCDD50001B812 /* FlickerPhotoOrganizerUITests.xctest */,
			);
			name = Products;
			sourceTree = "<group>";
		};
		DF2DB89F212DCDD30001B812 /* FlickerPhotoOrganizer */ = {
			isa = PBXGroup;
			children = (
				DF2DB8A0212DCDD30001B812 /* AppDelegate.swift */,
				DF2DB8A2212DCDD30001B812 /* ViewController.swift */,
				DF2DB8A4212DCDD30001B812 /* Main.storyboard */,
				DF2DB8AA212DCDD50001B812 /* Assets.xcassets */,
				DF2DB8AC212DCDD50001B812 /* LaunchScreen.storyboard */,
				DF2DB8AF212DCDD50001B812 /* Info.plist */,
				DF2DB8A7212DCDD30001B812 /* FlickerPhotoOrganizer.xcdatamodeld */,
			);
			path = FlickerPhotoOrganizer;
			sourceTree = "<group>";
		};
		DF2DB8B7212DCDD50001B812 /* FlickerPhotoOrganizerTests */ = {
			isa = PBXGroup;
			children = (
				DF2DB8B8212DCDD50001B812 /* FlickerPhotoOrganizerTests.swift */,
				DF2DB8BA212DCDD50001B812 /* Info.plist */,
			);
			path = FlickerPhotoOrganizerTests;
			sourceTree = "<group>";
		};
		DF2DB8C2212DCDD50001B812 /* FlickerPhotoOrganizerUITests */ = {
			isa = PBXGroup;
			children = (
				DF2DB8C3212DCDD50001B812 /* FlickerPhotoOrganizerUITests.swift */,
				DF2DB8C5212DCDD50001B812 /* Info.plist */,
			);
			path = FlickerPhotoOrganizerUITests;
			sourceTree = "<group>";
		};
/* End PBXGroup section */

/* Begin PBXNativeTarget section */
		DF2DB89C212DCDD30001B812 /* FlickerPhotoOrganizer */ = {
			isa = PBXNativeTarget;
			buildConfigurationList = DF2DB8C8212DCDD50001B812 /* Build configuration list for PBXNativeTarget "FlickerPhotoOrganizer" */;
			buildPhases = (
				DF2DB899212DCDD30001B812 /* Sources */,
				DF2DB89A212DCDD30001B812 /* Frameworks */,
				DF2DB89B212DCDD30001B812 /* Resources */,
			);
			buildRules = (
			);
			dependencies = (
			);
			name = FlickerPhotoOrganizer;
			productName = FlickerPhotoOrganizer;
			productReference = DF2DB89D212DCDD30001B812 /* FlickerPhotoOrganizer.app */;
			productType = "com.apple.product-type.application";
		};
		DF2DB8B3212DCDD50001B812 /* FlickerPhotoOrganizerTests */ = {
			isa = PBXNativeTarget;
			buildConfigurationList = DF2DB8CB212DCDD50001B812 /* Build configuration list for PBXNativeTarget "FlickerPhotoOrganizerTests" */;
			buildPhases = (
				DF2DB8B0212DCDD50001B812 /* Sources */,
				DF2DB8B1212DCDD50001B812 /* Frameworks */,
				DF2DB8B2212DCDD50001B812 /* Resources */,
			);
			buildRules = (
			);
			dependencies = (
				DF2DB8B6212DCDD50001B812 /* PBXTargetDependency */,
			);
			name = FlickerPhotoOrganizerTests;
			productName = FlickerPhotoOrganizerTests;
			productReference = DF2DB8B4212DCDD50001B812 /* FlickerPhotoOrganizerTests.xctest */;
			productType = "com.apple.product-type.bundle.unit-test";
		};
		DF2DB8BE212DCDD50001B812 /* FlickerPhotoOrganizerUITests */ = {
			isa = PBXNativeTarget;
			buildConfigurationList = DF2DB8CE212DCDD50001B812 /* Build configuration list for PBXNativeTarget "FlickerPhotoOrganizerUITests" */;
			buildPhases = (
				DF2DB8BB212DCDD50001B812 /* Sources */,
				DF2DB8BC212DCDD50001B812 /* Frameworks */,
				DF2DB8BD212DCDD50001B812 /* Resources */,
			);
			buildRules = (
			);
			dependencies = (
				DF2DB8C1212DCDD50001B812 /* PBXTargetDependency */,
			);
			name = FlickerPhotoOrganizerUITests;
			productName = FlickerPhotoOrganizerUITests;
			productReference = DF2DB8BF212DCDD50001B812 /* FlickerPhotoOrganizerUITests.xctest */;
			productType = "com.apple.product-type.bundle.ui-testing";
		};
/* End PBXNativeTarget section */

/* Begin PBXProject section */
		DF2DB895212DCDD30001B812 /* Project object */ = {
			isa = PBXProject;
			attributes = {
				LastSwiftUpdateCheck = 0940;
				LastUpgradeCheck = 0940;
				ORGANIZATIONNAME = "RADHIKA SHARMA";
				TargetAttributes = {
					DF2DB89C212DCDD30001B812 = {
						CreatedOnToolsVersion = 9.4.1;
					};
					DF2DB8B3212DCDD50001B812 = {
						CreatedOnToolsVersion = 9.4.1;
						TestTargetID = DF2DB89C212DCDD30001B812;
					};
					DF2DB8BE212DCDD50001B812 = {
						CreatedOnToolsVersion = 9.4.1;
						TestTargetID = DF2DB89C212DCDD30001B812;
					};
				};
			};
			buildConfigurationList = DF2DB898212DCDD30001B812 /* Build configuration list for PBXProject "FlickerPhotoOrganizer" */;
			compatibilityVersion = "Xcode 9.3";
			developmentRegion = en;
			hasScannedForEncodings = 0;
			knownRegions = (
				en,
				Base,
			);
			mainGroup = DF2DB894212DCDD30001B812;
			productRefGroup = DF2DB89E212DCDD30001B812 /* Products */;
			projectDirPath = "";
			projectRoot = "";
			targets = (
				DF2DB89C212DCDD30001B812 /* FlickerPhotoOrganizer */,
				DF2DB8B3212DCDD50001B812 /* FlickerPhotoOrganizerTests */,
				DF2DB8BE212DCDD50001B812 /* FlickerPhotoOrganizerUITests */,
			);
		};
/* End PBXProject section */

/* Begin PBXResourcesBuildPhase section */
		DF2DB89B212DCDD30001B812 /* Resources */ = {
			isa = PBXResourcesBuildPhase;
			buildActionMask = 2147483647;
			files = (
				DF2DB8AE212DCDD50001B812 /* LaunchScreen.storyboard in Resources */,
				DF2DB8AB212DCDD50001B812 /* Assets.xcassets in Resources */,
				DF2DB8A6212DCDD30001B812 /* Main.storyboard in Resources */,
			);
			runOnlyForDeploymentPostprocessing = 0;
		};
		DF2DB8B2212DCDD50001B812 /* Resources */ = {
			isa = PBXResourcesBuildPhase;
			buildActionMask = 2147483647;
			files = (
			);
			runOnlyForDeploymentPostprocessing = 0;
		};
		DF2DB8BD212DCDD50001B812 /* Resources */ = {
			isa = PBXResourcesBuildPhase;
			buildActionMask = 2147483647;
			files = (
			);
			runOnlyForDeploymentPostprocessing = 0;
		};
/* End PBXResourcesBuildPhase section */

/* Begin PBXSourcesBuildPhase section */
		DF2DB899212DCDD30001B812 /* Sources */ = {
			isa = PBXSourcesBuildPhase;
			buildActionMask = 2147483647;
			files = (
				DF2DB8A3212DCDD30001B812 /* ViewController.swift in Sources */,
				DF2DB8A1212DCDD30001B812 /* AppDelegate.swift in Sources */,
				DF2DB8A9212DCDD30001B812 /* FlickerPhotoOrganizer.xcdatamodeld in Sources */,
			);
			runOnlyForDeploymentPostprocessing = 0;
		};
		DF2DB8B0212DCDD50001B812 /* Sources */ = {
			isa = PBXSourcesBuildPhase;
			buildActionMask = 2147483647;
			files = (
				DF2DB8B9212DCDD50001B812 /* FlickerPhotoOrganizerTests.swift in Sources */,
			);
			runOnlyForDeploymentPostprocessing = 0;
		};
		DF2DB8BB212DCDD50001B812 /* Sources */ = {
			isa = PBXSourcesBuildPhase;
			buildActionMask = 2147483647;
			files = (
				DF2DB8C4212DCDD50001B812 /* FlickerPhotoOrganizerUITests.swift in Sources */,
			);
			runOnlyForDeploymentPostprocessing = 0;
		};
/* End PBXSourcesBuildPhase section */

/* Begin PBXTargetDependency section */
		DF2DB8B6212DCDD50001B812 /* PBXTargetDependency */ = {
			isa = PBXTargetDependency;
			target = DF2DB89C212DCDD30001B812 /* FlickerPhotoOrganizer */;
			targetProxy = DF2DB8B5212DCDD50001B812 /* PBXContainerItemProxy */;
		};
		DF2DB8C1212DCDD50001B812 /* PBXTargetDependency */ = {
			isa = PBXTargetDependency;
			target = DF2DB89C212DCDD30001B812 /* FlickerPhotoOrganizer */;
			targetProxy = DF2DB8C0212DCDD50001B812 /* PBXContainerItemProxy */;
		};
/* End PBXTargetDependency section */

/* Begin PBXVariantGroup section */
		DF2DB8A4212DCDD30001B812 /* Main.storyboard */ = {
			isa = PBXVariantGroup;
			children = (
				DF2DB8A5212DCDD30001B812 /* Base */,
			);
			name = Main.storyboard;
			sourceTree = "<group>";
		};
		DF2DB8AC212DCDD50001B812 /* LaunchScreen.storyboard */ = {
			isa = PBXVariantGroup;
			children = (
				DF2DB8AD212DCDD50001B812 /* Base */,
			);
			name = LaunchScreen.storyboard;
			sourceTree = "<group>";
		};
/* End PBXVariantGroup section */

/* Begin XCBuildConfiguration section */
		DF2DB8C6212DCDD50001B812 /* Debug */ = {
			isa = XCBuildConfiguration;
			buildSettings = {
				ALWAYS_SEARCH_USER_PATHS = NO;
				CLANG_ANALYZER_NONNULL = YES;
				CLANG_ANALYZER_NUMBER_OBJECT_CONVERSION = YES_AGGRESSIVE;
				CLANG_CXX_LANGUAGE_STANDARD = "gnu++14";
				CLANG_CXX_LIBRARY = "libc++";
				CLANG_ENABLE_MODULES = YES;
				CLANG_ENABLE_OBJC_ARC = YES;
				CLANG_ENABLE_OBJC_WEAK = YES;
				CLANG_WARN_BLOCK_CAPTURE_AUTORELEASING = YES;
				CLANG_WARN_BOOL_CONVERSION = YES;
				CLANG_WARN_COMMA = YES;
				CLANG_WARN_CONSTANT_CONVERSION = YES;
				CLANG_WARN_DEPRECATED_OBJC_IMPLEMENTATIONS = YES;
				CLANG_WARN_DIRECT_OBJC_ISA_USAGE = YES_ERROR;
				CLANG_WARN_DOCUMENTATION_COMMENTS = YES;
				CLANG_WARN_EMPTY_BODY = YES;
				CLANG_WARN_ENUM_CONVERSION = YES;
				CLANG_WARN_INFINITE_RECURSION = YES;
				CLANG_WARN_INT_CONVERSION = YES;
				CLANG_WARN_NON_LITERAL_NULL_CONVERSION = YES;
				CLANG_WARN_OBJC_IMPLICIT_RETAIN_SELF = YES;
				CLANG_WARN_OBJC_LITERAL_CONVERSION = YES;
				CLANG_WARN_OBJC_ROOT_CLASS = YES_ERROR;
				CLANG_WARN_RANGE_LOOP_ANALYSIS = YES;
				CLANG_WARN_STRICT_PROTOTYPES = YES;
				CLANG_WARN_SUSPICIOUS_MOVE = YES;
				CLANG_WARN_UNGUARDED_AVAILABILITY = YES_AGGRESSIVE;
				CLANG_WARN_UNREACHABLE_CODE = YES;
				CLANG_WARN__DUPLICATE_METHOD_MATCH = YES;
				CODE_SIGN_IDENTITY = "iPhone Developer";
				COPY_PHASE_STRIP = NO;
				DEBUG_INFORMATION_FORMAT = dwarf;
				ENABLE_STRICT_OBJC_MSGSEND = YES;
				ENABLE_TESTABILITY = YES;
				GCC_C_LANGUAGE_STANDARD = gnu11;
				GCC_DYNAMIC_NO_PIC = NO;
				GCC_NO_COMMON_BLOCKS = YES;
				GCC_OPTIMIZATION_LEVEL = 0;
				GCC_PREPROCESSOR_DEFINITIONS = (
					"DEBUG=1",
					"$(inherited)",
				);
				GCC_WARN_64_TO_32_BIT_CONVERSION = YES;
				GCC_WARN_ABOUT_RETURN_TYPE = YES_ERROR;
				GCC_WARN_UNDECLARED_SELECTOR = YES;
				GCC_WARN_UNINITIALIZED_AUTOS = YES_AGGRESSIVE;
				GCC_WARN_UNUSED_FUNCTION = YES;
				GCC_WARN_UNUSED_VARIABLE = YES;
				IPHONEOS_DEPLOYMENT_TARGET = 11.4;
				MTL_ENABLE_DEBUG_INFO = YES;
				ONLY_ACTIVE_ARCH = YES;
				SDKROOT = iphoneos;
				SWIFT_ACTIVE_COMPILATION_CONDITIONS = DEBUG;
				SWIFT_OPTIMIZATION_LEVEL = "-Onone";
			};
			name = Debug;
		};
		DF2DB8C7212DCDD50001B812 /* Release */ = {
			isa = XCBuildConfiguration;
			buildSettings = {
				ALWAYS_SEARCH_USER_PATHS = NO;
				CLANG_ANALYZER_NONNULL = YES;
				CLANG_ANALYZER_NUMBER_OBJECT_CONVERSION = YES_AGGRESSIVE;
				CLANG_CXX_LANGUAGE_STANDARD = "gnu++14";
				CLANG_CXX_LIBRARY = "libc++";
				CLANG_ENABLE_MODULES = YES;
				CLANG_ENABLE_OBJC_ARC = YES;
				CLANG_ENABLE_OBJC_WEAK = YES;
				CLANG_WARN_BLOCK_CAPTURE_AUTORELEASING = YES;
				CLANG_WARN_BOOL_CONVERSION = YES;
				CLANG_WARN_COMMA = YES;
				CLANG_WARN_CONSTANT_CONVERSION = YES;
				CLANG_WARN_DEPRECATED_OBJC_IMPLEMENTATIONS = YES;
				CLANG_WARN_DIRECT_OBJC_ISA_USAGE = YES_ERROR;
				CLANG_WARN_DOCUMENTATION_COMMENTS = YES;
				CLANG_WARN_EMPTY_BODY = YES;
				CLANG_WARN_ENUM_CONVERSION = YES;
				CLANG_WARN_INFINITE_RECURSION = YES;
				CLANG_WARN_INT_CONVERSION = YES;
				CLANG_WARN_NON_LITERAL_NULL_CONVERSION = YES;
				CLANG_WARN_OBJC_IMPLICIT_RETAIN_SELF = YES;
				CLANG_WARN_OBJC_LITERAL_CONVERSION = YES;
				CLANG_WARN_OBJC_ROOT_CLASS = YES_ERROR;
				CLANG_WARN_RANGE_LOOP_ANALYSIS = YES;
				CLANG_WARN_STRICT_PROTOTYPES = YES;
				CLANG_WARN_SUSPICIOUS_MOVE = YES;
				CLANG_WARN_UNGUARDED_AVAILABILITY = YES_AGGRESSIVE;
				CLANG_WARN_UNREACHABLE_CODE = YES;
				CLANG_WARN__DUPLICATE_METHOD_MATCH = YES;
				CODE_SIGN_IDENTITY = "iPhone Developer";
				COPY_PHASE_STRIP = NO;
				DEBUG_INFORMATION_FORMAT = "dwarf-with-dsym";
				ENABLE_NS_ASSERTIONS = NO;
				ENABLE_STRICT_OBJC_MSGSEND = YES;
				GCC_C_LANGUAGE_STANDARD = gnu11;
				GCC_NO_COMMON_BLOCKS = YES;
				GCC_WARN_64_TO_32_BIT_CONVERSION = YES;
				GCC_WARN_ABOUT_RETURN_TYPE = YES_ERROR;
				GCC_WARN_UNDECLARED_SELECTOR = YES;
				GCC_WARN_UNINITIALIZED_AUTOS = YES_AGGRESSIVE;
				GCC_WARN_UNUSED_FUNCTION = YES;
				GCC_WARN_UNUSED_VARIABLE = YES;
				IPHONEOS_DEPLOYMENT_TARGET = 11.4;
				MTL_ENABLE_DEBUG_INFO = NO;
				SDKROOT = iphoneos;
				SWIFT_COMPILATION_MODE = wholemodule;
				SWIFT_OPTIMIZATION_LEVEL = "-O";
				VALIDATE_PRODUCT = YES;
			};
			name = Release;
		};
		DF2DB8C9212DCDD50001B812 /* Debug */ = {
			isa = XCBuildConfiguration;
			buildSettings = {
				ASSETCATALOG_COMPILER_APPICON_NAME = AppIcon;
				CODE_SIGN_STYLE = Automatic;
				DEVELOPMENT_TEAM = UA2WZ4PLLC;
				INFOPLIST_FILE = FlickerPhotoOrganizer/Info.plist;
				LD_RUNPATH_SEARCH_PATHS = (
					"$(inherited)",
					"@executable_path/Frameworks",
				);
				PRODUCT_BUNDLE_IDENTIFIER = com.radhika.flicker.FlickerPhotoOrganizer;
				PRODUCT_NAME = "$(TARGET_NAME)";
				SWIFT_VERSION = 4.0;
				TARGETED_DEVICE_FAMILY = "1,2";
			};
			name = Debug;
		};
		DF2DB8CA212DCDD50001B812 /* Release */ = {
			isa = XCBuildConfiguration;
			buildSettings = {
				ASSETCATALOG_COMPILER_APPICON_NAME = AppIcon;
				CODE_SIGN_STYLE = Automatic;
				DEVELOPMENT_TEAM = UA2WZ4PLLC;
				INFOPLIST_FILE = FlickerPhotoOrganizer/Info.plist;
				LD_RUNPATH_SEARCH_PATHS = (
					"$(inherited)",
					"@executable_path/Frameworks",
				);
				PRODUCT_BUNDLE_IDENTIFIER = com.radhika.flicker.FlickerPhotoOrganizer;
				PRODUCT_NAME = "$(TARGET_NAME)";
				SWIFT_VERSION = 4.0;
				TARGETED_DEVICE_FAMILY = "1,2";
			};
			name = Release;
		};
		DF2DB8CC212DCDD50001B812 /* Debug */ = {
			isa = XCBuildConfiguration;
			buildSettings = {
				ALWAYS_EMBED_SWIFT_STANDARD_LIBRARIES = YES;
				BUNDLE_LOADER = "$(TEST_HOST)";
				CODE_SIGN_STYLE = Automatic;
				DEVELOPMENT_TEAM = UA2WZ4PLLC;
				INFOPLIST_FILE = FlickerPhotoOrganizerTests/Info.plist;
				LD_RUNPATH_SEARCH_PATHS = (
					"$(inherited)",
					"@executable_path/Frameworks",
					"@loader_path/Frameworks",
				);
				PRODUCT_BUNDLE_IDENTIFIER = com.radhika.flicker.FlickerPhotoOrganizerTests;
				PRODUCT_NAME = "$(TARGET_NAME)";
				SWIFT_VERSION = 4.0;
				TARGETED_DEVICE_FAMILY = "1,2";
				TEST_HOST = "$(BUILT_PRODUCTS_DIR)/FlickerPhotoOrganizer.app/FlickerPhotoOrganizer";
			};
			name = Debug;
		};
		DF2DB8CD212DCDD50001B812 /* Release */ = {
			isa = XCBuildConfiguration;
			buildSettings = {
				ALWAYS_EMBED_SWIFT_STANDARD_LIBRARIES = YES;
				BUNDLE_LOADER = "$(TEST_HOST)";
				CODE_SIGN_STYLE = Automatic;
				DEVELOPMENT_TEAM = UA2WZ4PLLC;
				INFOPLIST_FILE = FlickerPhotoOrganizerTests/Info.plist;
				LD_RUNPATH_SEARCH_PATHS = (
					"$(inherited)",
					"@executable_path/Frameworks",
					"@loader_path/Frameworks",
				);
				PRODUCT_BUNDLE_IDENTIFIER = com.radhika.flicker.FlickerPhotoOrganizerTests;
				PRODUCT_NAME = "$(TARGET_NAME)";
				SWIFT_VERSION = 4.0;
				TARGETED_DEVICE_FAMILY = "1,2";
				TEST_HOST = "$(BUILT_PRODUCTS_DIR)/FlickerPhotoOrganizer.app/FlickerPhotoOrganizer";
			};
			name = Release;
		};
		DF2DB8CF212DCDD50001B812 /* Debug */ = {
			isa = XCBuildConfiguration;
			buildSettings = {
				ALWAYS_EMBED_SWIFT_STANDARD_LIBRARIES = YES;
				CODE_SIGN_STYLE = Automatic;
				DEVELOPMENT_TEAM = UA2WZ4PLLC;
				INFOPLIST_FILE = FlickerPhotoOrganizerUITests/Info.plist;
				LD_RUNPATH_SEARCH_PATHS = (
					"$(inherited)",
					"@executable_path/Frameworks",
					"@loader_path/Frameworks",
				);
				PRODUCT_BUNDLE_IDENTIFIER = com.radhika.flicker.FlickerPhotoOrganizerUITests;
				PRODUCT_NAME = "$(TARGET_NAME)";
				SWIFT_VERSION = 4.0;
				TARGETED_DEVICE_FAMILY = "1,2";
				TEST_TARGET_NAME = FlickerPhotoOrganizer;
			};
			name = Debug;
		};
		DF2DB8D0212DCDD50001B812 /* Release */ = {
			isa = XCBuildConfiguration;
			buildSettings = {
				ALWAYS_EMBED_SWIFT_STANDARD_LIBRARIES = YES;
				CODE_SIGN_STYLE = Automatic;
				DEVELOPMENT_TEAM = UA2WZ4PLLC;
				INFOPLIST_FILE = FlickerPhotoOrganizerUITests/Info.plist;
				LD_RUNPATH_SEARCH_PATHS = (
					"$(inherited)",
					"@executable_path/Frameworks",
					"@loader_path/Frameworks",
				);
				PRODUCT_BUNDLE_IDENTIFIER = com.radhika.flicker.FlickerPhotoOrganizerUITests;
				PRODUCT_NAME = "$(TARGET_NAME)";
				SWIFT_VERSION = 4.0;
				TARGETED_DEVICE_FAMILY = "1,2";
				TEST_TARGET_NAME = FlickerPhotoOrganizer;
			};
			name = Release;
		};
/* End XCBuildConfiguration section */

/* Begin XCConfigurationList section */
		DF2DB898212DCDD30001B812 /* Build configuration list for PBXProject "FlickerPhotoOrganizer" */ = {
			isa = XCConfigurationList;
			buildConfigurations = (
				DF2DB8C6212DCDD50001B812 /* Debug */,
				DF2DB8C7212DCDD50001B812 /* Release */,
			);
			defaultConfigurationIsVisible = 0;
			defaultConfigurationName = Release;
		};
		DF2DB8C8212DCDD50001B812 /* Build configuration list for PBXNativeTarget "FlickerPhotoOrganizer" */ = {
			isa = XCConfigurationList;
			buildConfigurations = (
				DF2DB8C9212DCDD50001B812 /* Debug */,
				DF2DB8CA212DCDD50001B812 /* Release */,
			);
			defaultConfigurationIsVisible = 0;
			defaultConfigurationName = Release;
		};
		DF2DB8CB212DCDD50001B812 /* Build configuration list for PBXNativeTarget "FlickerPhotoOrganizerTests" */ = {
			isa = XCConfigurationList;
			buildConfigurations = (
				DF2DB8CC212DCDD50001B812 /* Debug */,
				DF2DB8CD212DCDD50001B812 /* Release */,
			);
			defaultConfigurationIsVisible = 0;
			defaultConfigurationName = Release;
		};
		DF2DB8CE212DCDD50001B812 /* Build configuration list for PBXNativeTarget "FlickerPhotoOrganizerUITests" */ = {
			isa = XCConfigurationList;
			buildConfigurations = (
				DF2DB8CF212DCDD50001B812 /* Debug */,
				DF2DB8D0212DCDD50001B812 /* Release */,
			);
			defaultConfigurationIsVisible = 0;
			defaultConfigurationName = Release;
		};
/* End XCConfigurationList section */

/* Begin XCVersionGroup section */
		DF2DB8A7212DCDD30001B812 /* FlickerPhotoOrganizer.xcdatamodeld */ = {
			isa = XCVersionGroup;
			children = (
				DF2DB8A8212DCDD30001B812 /* FlickerPhotoOrganizer.xcdatamodel */,
			);
			currentVersion = DF2DB8A8212DCDD30001B812 /* FlickerPhotoOrganizer.xcdatamodel */;
			path = FlickerPhotoOrganizer.xcdatamodeld;
			sourceTree = "<group>";
			versionGroupType = wrapper.xcdatamodel;
		};
/* End XCVersionGroup section */
	};
	rootObject = DF2DB895212DCDD30001B812 /* Project object */;
}
